
Microsoft Visual Studio Solution File, Format Version 12.00
# Visual Studio Version 16
VisualStudioVersion = 16.0.30804.86
MinimumVisualStudioVersion = 10.0.40219.1
Project("{9092AA53-FB77-4645-B42D-1CCCA6BD08BD}") = "Q01 Sum 3 Numbers", "Q01 Sum 3 Numbers\Q01 Sum 3 Numbers.njsproj", "{5F8B8DB2-1D86-45FA-AC2D-8A585E2A47B4}"
EndProject
Project("{9092AA53-FB77-4645-B42D-1CCCA6BD08BD}") = "Q02 Sum and VAT", "Q02 Sum and VAT\Q02 Sum and VAT.njsproj", "{81C168D2-6687-44CB-B1CC-6A367ABC2BC1}"
EndProject
Project("{9092AA53-FB77-4645-B42D-1CCCA6BD08BD}") = "Q03 Letter Occurances in String", "Q03 Letter Occurances in String\Q03 Letter Occurances in String.njsproj", "{D98A5734-C8B9-457C-B8C6-023306541666}"
EndProject
Project("{9092AA53-FB77-4645-B42D-1CCCA6BD08BD}") = "Q04 Filter by Age", "Q04 Filter by Age\Q04 Filter by Age.njsproj", "{D5F1DEA0-EDB3-412E-8886-D9EB7A808D90}"
EndProject
Project("{9092AA53-FB77-4645-B42D-1CCCA6BD08BD}") = "Q05 String to Numbers", "Q05 String to Numbers\Q05 String to Numbers.njsproj", "{6D079E3A-AB03-41DC-8863-617F02711702}"
EndProject
Project("{9092AA53-FB77-4645-B42D-1CCCA6BD08BD}") = "Q06 Figure Area", "Q06 Figure Area\Q06 Figure Area.njsproj", "{3F76B205-D57B-4127-9B5D-DC1017479942}"
EndProject
Project("{9092AA53-FB77-4645-B42D-1CCCA6BD08BD}") = "Q07 Next Day", "Q07 Next Day\Q07 Next Day.njsproj", "{5A12DF06-921A-43FD-A15F-61008B2BCF7F}"
EndProject
Global
	GlobalSection(SolutionConfigurationPlatforms) = preSolution
		Debug|Any CPU = Debug|Any CPU
		Release|Any CPU = Release|Any CPU
	EndGlobalSection
	GlobalSection(ProjectConfigurationPlatforms) = postSolution
		{5F8B8DB2-1D86-45FA-AC2D-8A585E2A47B4}.Debug|Any CPU.ActiveCfg = Debug|Any CPU
		{5F8B8DB2-1D86-45FA-AC2D-8A585E2A47B4}.Debug|Any CPU.Build.0 = Debug|Any CPU
		{5F8B8DB2-1D86-45FA-AC2D-8A585E2A47B4}.Release|Any CPU.ActiveCfg = Release|Any CPU
		{5F8B8DB2-1D86-45FA-AC2D-8A585E2A47B4}.Release|Any CPU.Build.0 = Release|Any CPU
		{81C168D2-6687-44CB-B1CC-6A367ABC2BC1}.Debug|Any CPU.ActiveCfg = Debug|Any CPU
		{81C168D2-6687-44CB-B1CC-6A367ABC2BC1}.Debug|Any CPU.Build.0 = Debug|Any CPU
		{81C168D2-6687-44CB-B1CC-6A367ABC2BC1}.Release|Any CPU.ActiveCfg = Release|Any CPU
		{81C168D2-6687-44CB-B1CC-6A367ABC2BC1}.Release|Any CPU.Build.0 = Release|Any CPU
		{D98A5734-C8B9-457C-B8C6-023306541666}.Debug|Any CPU.ActiveCfg = Debug|Any CPU
		{D98A5734-C8B9-457C-B8C6-023306541666}.Debug|Any CPU.Build.0 = Debug|Any CPU
		{D98A5734-C8B9-457C-B8C6-023306541666}.Release|Any CPU.ActiveCfg = Release|Any CPU
		{D98A5734-C8B9-457C-B8C6-023306541666}.Release|Any CPU.Build.0 = Release|Any CPU
		{D5F1DEA0-EDB3-412E-8886-D9EB7A808D90}.Debug|Any CPU.ActiveCfg = Debug|Any CPU
		{D5F1DEA0-EDB3-412E-8886-D9EB7A808D90}.Debug|Any CPU.Build.0 = Debug|Any CPU
		{D5F1DEA0-EDB3-412E-8886-D9EB7A808D90}.Release|Any CPU.ActiveCfg = Release|Any CPU
		{D5F1DEA0-EDB3-412E-8886-D9EB7A808D90}.Release|Any CPU.Build.0 = Release|Any CPU
		{6D079E3A-AB03-41DC-8863-617F02711702}.Debug|Any CPU.ActiveCfg = Debug|Any CPU
		{6D079E3A-AB03-41DC-8863-617F02711702}.Debug|Any CPU.Build.0 = Debug|Any CPU
		{6D079E3A-AB03-41DC-8863-617F02711702}.Release|Any CPU.ActiveCfg = Release|Any CPU
		{6D079E3A-AB03-41DC-8863-617F02711702}.Release|Any CPU.Build.0 = Release|Any CPU
		{3F76B205-D57B-4127-9B5D-DC1017479942}.Debug|Any CPU.ActiveCfg = Debug|Any CPU
		{3F76B205-D57B-4127-9B5D-DC1017479942}.Debug|Any CPU.Build.0 = Debug|Any CPU
		{3F76B205-D57B-4127-9B5D-DC1017479942}.Release|Any CPU.ActiveCfg = Release|Any CPU
		{3F76B205-D57B-4127-9B5D-DC1017479942}.Release|Any CPU.Build.0 = Release|Any CPU
		{5A12DF06-921A-43FD-A15F-61008B2BCF7F}.Debug|Any CPU.ActiveCfg = Debug|Any CPU
		{5A12DF06-921A-43FD-A15F-61008B2BCF7F}.Debug|Any CPU.Build.0 = Debug|Any CPU
		{5A12DF06-921A-43FD-A15F-61008B2BCF7F}.Release|Any CPU.ActiveCfg = Release|Any CPU
		{5A12DF06-921A-43FD-A15F-61008B2BCF7F}.Release|Any CPU.Build.0 = Release|Any CPU
	EndGlobalSection
	GlobalSection(SolutionProperties) = preSolution
		HideSolutionNode = FALSE
	EndGlobalSection
	GlobalSection(ExtensibilityGlobals) = postSolution
		SolutionGuid = {8329FE65-6F82-4FD3-A472-22748DE61B94}
	EndGlobalSection
EndGlobal
